// !$*UTF8*$!
{
	archiveVersion = 1;
	classes = {
	};
	objectVersion = 50;
	objects = {

/* Begin PBXBuildFile section */
		7C086562268C85A100A7C4AA /* VehicleManager.swift in Sources */ = {isa = PBXBuildFile; fileRef = 7C086561268C85A100A7C4AA /* VehicleManager.swift */; };
		7C086566268CA12500A7C4AA /* Cache.swift in Sources */ = {isa = PBXBuildFile; fileRef = 7C086565268CA12500A7C4AA /* Cache.swift */; };
		7C605331268BAFA900B8A089 /* MapView.swift in Sources */ = {isa = PBXBuildFile; fileRef = 7C605330268BAFA900B8A089 /* MapView.swift */; };
		7C605336268BB81D00B8A089 /* LocationViewModel.swift in Sources */ = {isa = PBXBuildFile; fileRef = 7C605335268BB81D00B8A089 /* LocationViewModel.swift */; };
		7CE6B8D42686676300D792E4 /* ScopeMapApp.swift in Sources */ = {isa = PBXBuildFile; fileRef = 7CE6B8D32686676300D792E4 /* ScopeMapApp.swift */; };
		7CE6B8D62686676300D792E4 /* ContentView.swift in Sources */ = {isa = PBXBuildFile; fileRef = 7CE6B8D52686676300D792E4 /* ContentView.swift */; };
		7CE6B8D82686676500D792E4 /* Assets.xcassets in Resources */ = {isa = PBXBuildFile; fileRef = 7CE6B8D72686676500D792E4 /* Assets.xcassets */; };
		7CE6B8DB2686676500D792E4 /* Preview Assets.xcassets in Resources */ = {isa = PBXBuildFile; fileRef = 7CE6B8DA2686676500D792E4 /* Preview Assets.xcassets */; };
		7CE6B8E62686676500D792E4 /* ScopeMapTests.swift in Sources */ = {isa = PBXBuildFile; fileRef = 7CE6B8E52686676500D792E4 /* ScopeMapTests.swift */; };
		7CE6B9052686684500D792E4 /* NetworkManager.swift in Sources */ = {isa = PBXBuildFile; fileRef = 7CE6B9042686684500D792E4 /* NetworkManager.swift */; };
		7CE6B90A268668A600D792E4 /* NetworkError.swift in Sources */ = {isa = PBXBuildFile; fileRef = 7CE6B909268668A600D792E4 /* NetworkError.swift */; };
		7CE6B90F26866AA500D792E4 /* JSONModel.swift in Sources */ = {isa = PBXBuildFile; fileRef = 7CE6B90E26866AA500D792E4 /* JSONModel.swift */; };
		7CE6B91B2688C5F700D792E4 /* ImageLoader.swift in Sources */ = {isa = PBXBuildFile; fileRef = 7CE6B91A2688C5F600D792E4 /* ImageLoader.swift */; };
		7CE6B91F2688C85A00D792E4 /* AsyncImage.swift in Sources */ = {isa = PBXBuildFile; fileRef = 7CE6B91E2688C85A00D792E4 /* AsyncImage.swift */; };
/* End PBXBuildFile section */

/* Begin PBXContainerItemProxy section */
		7CE6B8E22686676500D792E4 /* PBXContainerItemProxy */ = {
			isa = PBXContainerItemProxy;
			containerPortal = 7CE6B8C82686676200D792E4 /* Project object */;
			proxyType = 1;
			remoteGlobalIDString = 7CE6B8CF2686676200D792E4;
			remoteInfo = ScopeMap;
		};
/* End PBXContainerItemProxy section */

/* Begin PBXFileReference section */
		7C086561268C85A100A7C4AA /* VehicleManager.swift */ = {isa = PBXFileReference; lastKnownFileType = sourcecode.swift; path = VehicleManager.swift; sourceTree = "<group>"; };
		7C086565268CA12500A7C4AA /* Cache.swift */ = {isa = PBXFileReference; lastKnownFileType = sourcecode.swift; path = Cache.swift; sourceTree = "<group>"; };
		7C605330268BAFA900B8A089 /* MapView.swift */ = {isa = PBXFileReference; lastKnownFileType = sourcecode.swift; path = MapView.swift; sourceTree = "<group>"; };
		7C605335268BB81D00B8A089 /* LocationViewModel.swift */ = {isa = PBXFileReference; lastKnownFileType = sourcecode.swift; path = LocationViewModel.swift; sourceTree = "<group>"; };
		7CE6B8D02686676200D792E4 /* ScopeMap.app */ = {isa = PBXFileReference; explicitFileType = wrapper.application; includeInIndex = 0; path = ScopeMap.app; sourceTree = BUILT_PRODUCTS_DIR; };
		7CE6B8D32686676300D792E4 /* ScopeMapApp.swift */ = {isa = PBXFileReference; lastKnownFileType = sourcecode.swift; path = ScopeMapApp.swift; sourceTree = "<group>"; };
		7CE6B8D52686676300D792E4 /* ContentView.swift */ = {isa = PBXFileReference; lastKnownFileType = sourcecode.swift; path = ContentView.swift; sourceTree = "<group>"; };
		7CE6B8D72686676500D792E4 /* Assets.xcassets */ = {isa = PBXFileReference; lastKnownFileType = folder.assetcatalog; path = Assets.xcassets; sourceTree = "<group>"; };
		7CE6B8DA2686676500D792E4 /* Preview Assets.xcassets */ = {isa = PBXFileReference; lastKnownFileType = folder.assetcatalog; path = "Preview Assets.xcassets"; sourceTree = "<group>"; };
		7CE6B8DC2686676500D792E4 /* Info.plist */ = {isa = PBXFileReference; lastKnownFileType = text.plist.xml; path = Info.plist; sourceTree = "<group>"; };
		7CE6B8E12686676500D792E4 /* ScopeMapTests.xctest */ = {isa = PBXFileReference; explicitFileType = wrapper.cfbundle; includeInIndex = 0; path = ScopeMapTests.xctest; sourceTree = BUILT_PRODUCTS_DIR; };
		7CE6B8E52686676500D792E4 /* ScopeMapTests.swift */ = {isa = PBXFileReference; lastKnownFileType = sourcecode.swift; path = ScopeMapTests.swift; sourceTree = "<group>"; };
		7CE6B8E72686676500D792E4 /* Info.plist */ = {isa = PBXFileReference; lastKnownFileType = text.plist.xml; path = Info.plist; sourceTree = "<group>"; };
		7CE6B9042686684500D792E4 /* NetworkManager.swift */ = {isa = PBXFileReference; lastKnownFileType = sourcecode.swift; path = NetworkManager.swift; sourceTree = "<group>"; };
		7CE6B909268668A600D792E4 /* NetworkError.swift */ = {isa = PBXFileReference; lastKnownFileType = sourcecode.swift; path = NetworkError.swift; sourceTree = "<group>"; };
		7CE6B90E26866AA500D792E4 /* JSONModel.swift */ = {isa = PBXFileReference; lastKnownFileType = sourcecode.swift; path = JSONModel.swift; sourceTree = "<group>"; };
		7CE6B91A2688C5F600D792E4 /* ImageLoader.swift */ = {isa = PBXFileReference; lastKnownFileType = sourcecode.swift; path = ImageLoader.swift; sourceTree = "<group>"; };
		7CE6B91E2688C85A00D792E4 /* AsyncImage.swift */ = {isa = PBXFileReference; lastKnownFileType = sourcecode.swift; path = AsyncImage.swift; sourceTree = "<group>"; };
/* End PBXFileReference section */

/* Begin PBXFrameworksBuildPhase section */
		7CE6B8CD2686676200D792E4 /* Frameworks */ = {
			isa = PBXFrameworksBuildPhase;
			buildActionMask = 2147483647;
			files = (
			);
			runOnlyForDeploymentPostprocessing = 0;
		};
		7CE6B8DE2686676500D792E4 /* Frameworks */ = {
			isa = PBXFrameworksBuildPhase;
			buildActionMask = 2147483647;
			files = (
			);
			runOnlyForDeploymentPostprocessing = 0;
		};
/* End PBXFrameworksBuildPhase section */

/* Begin PBXGroup section */
		7C605334268BB7FD00B8A089 /* Managers */ = {
			isa = PBXGroup;
			children = (
				7C605335268BB81D00B8A089 /* LocationViewModel.swift */,
				7CE6B9042686684500D792E4 /* NetworkManager.swift */,
				7CE6B91A2688C5F600D792E4 /* ImageLoader.swift */,
				7C086561268C85A100A7C4AA /* VehicleManager.swift */,
				7C086565268CA12500A7C4AA /* Cache.swift */,
			);
			path = Managers;
			sourceTree = "<group>";
		};
		7CE6B8C72686676200D792E4 = {
			isa = PBXGroup;
			children = (
				7CE6B8D22686676300D792E4 /* ScopeMap */,
				7CE6B8E42686676500D792E4 /* ScopeMapTests */,
				7CE6B8D12686676300D792E4 /* Products */,
			);
			sourceTree = "<group>";
		};
		7CE6B8D12686676300D792E4 /* Products */ = {
			isa = PBXGroup;
			children = (
				7CE6B8D02686676200D792E4 /* ScopeMap.app */,
				7CE6B8E12686676500D792E4 /* ScopeMapTests.xctest */,
			);
			name = Products;
			sourceTree = "<group>";
		};
		7CE6B8D22686676300D792E4 /* ScopeMap */ = {
			isa = PBXGroup;
			children = (
				7C605334268BB7FD00B8A089 /* Managers */,
				7CE6B92B268B2B0700D792E4 /* Views */,
				7CE6B8D32686676300D792E4 /* ScopeMapApp.swift */,
				7CE6B90E26866AA500D792E4 /* JSONModel.swift */,
				7CE6B909268668A600D792E4 /* NetworkError.swift */,
				7CE6B8D72686676500D792E4 /* Assets.xcassets */,
				7CE6B8DC2686676500D792E4 /* Info.plist */,
				7CE6B8D92686676500D792E4 /* Preview Content */,
			);
			path = ScopeMap;
			sourceTree = "<group>";
		};
		7CE6B8D92686676500D792E4 /* Preview Content */ = {
			isa = PBXGroup;
			children = (
				7CE6B8DA2686676500D792E4 /* Preview Assets.xcassets */,
			);
			path = "Preview Content";
			sourceTree = "<group>";
		};
		7CE6B8E42686676500D792E4 /* ScopeMapTests */ = {
			isa = PBXGroup;
			children = (
				7CE6B8E52686676500D792E4 /* ScopeMapTests.swift */,
				7CE6B8E72686676500D792E4 /* Info.plist */,
			);
			path = ScopeMapTests;
			sourceTree = "<group>";
		};
		7CE6B92B268B2B0700D792E4 /* Views */ = {
			isa = PBXGroup;
			children = (
				7CE6B8D52686676300D792E4 /* ContentView.swift */,
				7CE6B91E2688C85A00D792E4 /* AsyncImage.swift */,
				7C605330268BAFA900B8A089 /* MapView.swift */,
			);
			path = Views;
			sourceTree = "<group>";
		};
/* End PBXGroup section */

/* Begin PBXNativeTarget section */
		7CE6B8CF2686676200D792E4 /* ScopeMap */ = {
			isa = PBXNativeTarget;
			buildConfigurationList = 7CE6B8F52686676500D792E4 /* Build configuration list for PBXNativeTarget "ScopeMap" */;
			buildPhases = (
				7CE6B8CC2686676200D792E4 /* Sources */,
				7CE6B8CD2686676200D792E4 /* Frameworks */,
				7CE6B8CE2686676200D792E4 /* Resources */,
			);
			buildRules = (
			);
			dependencies = (
			);
			name = ScopeMap;
			productName = ScopeMap;
			productReference = 7CE6B8D02686676200D792E4 /* ScopeMap.app */;
			productType = "com.apple.product-type.application";
		};
		7CE6B8E02686676500D792E4 /* ScopeMapTests */ = {
			isa = PBXNativeTarget;
			buildConfigurationList = 7CE6B8F82686676500D792E4 /* Build configuration list for PBXNativeTarget "ScopeMapTests" */;
			buildPhases = (
				7CE6B8DD2686676500D792E4 /* Sources */,
				7CE6B8DE2686676500D792E4 /* Frameworks */,
				7CE6B8DF2686676500D792E4 /* Resources */,
			);
			buildRules = (
			);
			dependencies = (
				7CE6B8E32686676500D792E4 /* PBXTargetDependency */,
			);
			name = ScopeMapTests;
			productName = ScopeMapTests;
			productReference = 7CE6B8E12686676500D792E4 /* ScopeMapTests.xctest */;
			productType = "com.apple.product-type.bundle.unit-test";
		};
/* End PBXNativeTarget section */

/* Begin PBXProject section */
		7CE6B8C82686676200D792E4 /* Project object */ = {
			isa = PBXProject;
			attributes = {
				LastSwiftUpdateCheck = 1240;
				LastUpgradeCheck = 1240;
				TargetAttributes = {
					7CE6B8CF2686676200D792E4 = {
						CreatedOnToolsVersion = 12.4;
					};
					7CE6B8E02686676500D792E4 = {
						CreatedOnToolsVersion = 12.4;
						TestTargetID = 7CE6B8CF2686676200D792E4;
					};
				};
			};
			buildConfigurationList = 7CE6B8CB2686676200D792E4 /* Build configuration list for PBXProject "ScopeMap" */;
			compatibilityVersion = "Xcode 9.3";
			developmentRegion = en;
			hasScannedForEncodings = 0;
			knownRegions = (
				en,
				Base,
			);
			mainGroup = 7CE6B8C72686676200D792E4;
			productRefGroup = 7CE6B8D12686676300D792E4 /* Products */;
			projectDirPath = "";
			projectRoot = "";
			targets = (
				7CE6B8CF2686676200D792E4 /* ScopeMap */,
				7CE6B8E02686676500D792E4 /* ScopeMapTests */,
			);
		};
/* End PBXProject section */

/* Begin PBXResourcesBuildPhase section */
		7CE6B8CE2686676200D792E4 /* Resources */ = {
			isa = PBXResourcesBuildPhase;
			buildActionMask = 2147483647;
			files = (
				7CE6B8DB2686676500D792E4 /* Preview Assets.xcassets in Resources */,
				7CE6B8D82686676500D792E4 /* Assets.xcassets in Resources */,
			);
			runOnlyForDeploymentPostprocessing = 0;
		};
		7CE6B8DF2686676500D792E4 /* Resources */ = {
			isa = PBXResourcesBuildPhase;
			buildActionMask = 2147483647;
			files = (
			);
			runOnlyForDeploymentPostprocessing = 0;
		};
/* End PBXResourcesBuildPhase section */

/* Begin PBXSourcesBuildPhase section */
		7CE6B8CC2686676200D792E4 /* Sources */ = {
			isa = PBXSourcesBuildPhase;
			buildActionMask = 2147483647;
			files = (
				7CE6B90F26866AA500D792E4 /* JSONModel.swift in Sources */,
				7C605331268BAFA900B8A089 /* MapView.swift in Sources */,
				7C086562268C85A100A7C4AA /* VehicleManager.swift in Sources */,
				7CE6B9052686684500D792E4 /* NetworkManager.swift in Sources */,
				7C086566268CA12500A7C4AA /* Cache.swift in Sources */,
				7CE6B91B2688C5F700D792E4 /* ImageLoader.swift in Sources */,
				7CE6B90A268668A600D792E4 /* NetworkError.swift in Sources */,
				7CE6B8D62686676300D792E4 /* ContentView.swift in Sources */,
				7CE6B91F2688C85A00D792E4 /* AsyncImage.swift in Sources */,
				7C605336268BB81D00B8A089 /* LocationViewModel.swift in Sources */,
				7CE6B8D42686676300D792E4 /* ScopeMapApp.swift in Sources */,
			);
			runOnlyForDeploymentPostprocessing = 0;
		};
		7CE6B8DD2686676500D792E4 /* Sources */ = {
			isa = PBXSourcesBuildPhase;
			buildActionMask = 2147483647;
			files = (
				7CE6B8E62686676500D792E4 /* ScopeMapTests.swift in Sources */,
			);
			runOnlyForDeploymentPostprocessing = 0;
		};
/* End PBXSourcesBuildPhase section */

/* Begin PBXTargetDependency section */
		7CE6B8E32686676500D792E4 /* PBXTargetDependency */ = {
			isa = PBXTargetDependency;
			target = 7CE6B8CF2686676200D792E4 /* ScopeMap */;
			targetProxy = 7CE6B8E22686676500D792E4 /* PBXContainerItemProxy */;
		};
/* End PBXTargetDependency section */

/* Begin XCBuildConfiguration section */
		7CE6B8F32686676500D792E4 /* Debug */ = {
			isa = XCBuildConfiguration;
			buildSettings = {
				ALWAYS_SEARCH_USER_PATHS = NO;
				CLANG_ANALYZER_NONNULL = YES;
				CLANG_ANALYZER_NUMBER_OBJECT_CONVERSION = YES_AGGRESSIVE;
				CLANG_CXX_LANGUAGE_STANDARD = "gnu++14";
				CLANG_CXX_LIBRARY = "libc++";
				CLANG_ENABLE_MODULES = YES;
				CLANG_ENABLE_OBJC_ARC = YES;
				CLANG_ENABLE_OBJC_WEAK = YES;
				CLANG_WARN_BLOCK_CAPTURE_AUTORELEASING = YES;
				CLANG_WARN_BOOL_CONVERSION = YES;
				CLANG_WARN_COMMA = YES;
				CLANG_WARN_CONSTANT_CONVERSION = YES;
				CLANG_WARN_DEPRECATED_OBJC_IMPLEMENTATIONS = YES;
				CLANG_WARN_DIRECT_OBJC_ISA_USAGE = YES_ERROR;
				CLANG_WARN_DOCUMENTATION_COMMENTS = YES;
				CLANG_WARN_EMPTY_BODY = YES;
				CLANG_WARN_ENUM_CONVERSION = YES;
				CLANG_WARN_INFINITE_RECURSION = YES;
				CLANG_WARN_INT_CONVERSION = YES;
				CLANG_WARN_NON_LITERAL_NULL_CONVERSION = YES;
				CLANG_WARN_OBJC_IMPLICIT_RETAIN_SELF = YES;
				CLANG_WARN_OBJC_LITERAL_CONVERSION = YES;
				CLANG_WARN_OBJC_ROOT_CLASS = YES_ERROR;
				CLANG_WARN_QUOTED_INCLUDE_IN_FRAMEWORK_HEADER = YES;
				CLANG_WARN_RANGE_LOOP_ANALYSIS = YES;
				CLANG_WARN_STRICT_PROTOTYPES = YES;
				CLANG_WARN_SUSPICIOUS_MOVE = YES;
				CLANG_WARN_UNGUARDED_AVAILABILITY = YES_AGGRESSIVE;
				CLANG_WARN_UNREACHABLE_CODE = YES;
				CLANG_WARN__DUPLICATE_METHOD_MATCH = YES;
				COPY_PHASE_STRIP = NO;
				DEBUG_INFORMATION_FORMAT = dwarf;
				ENABLE_STRICT_OBJC_MSGSEND = YES;
				ENABLE_TESTABILITY = YES;
				GCC_C_LANGUAGE_STANDARD = gnu11;
				GCC_DYNAMIC_NO_PIC = NO;
				GCC_NO_COMMON_BLOCKS = YES;
				GCC_OPTIMIZATION_LEVEL = 0;
				GCC_PREPROCESSOR_DEFINITIONS = (
					"DEBUG=1",
					"$(inherited)",
				);
				GCC_WARN_64_TO_32_BIT_CONVERSION = YES;
				GCC_WARN_ABOUT_RETURN_TYPE = YES_ERROR;
				GCC_WARN_UNDECLARED_SELECTOR = YES;
				GCC_WARN_UNINITIALIZED_AUTOS = YES_AGGRESSIVE;
				GCC_WARN_UNUSED_FUNCTION = YES;
				GCC_WARN_UNUSED_VARIABLE = YES;
				IPHONEOS_DEPLOYMENT_TARGET = 14.4;
				MTL_ENABLE_DEBUG_INFO = INCLUDE_SOURCE;
				MTL_FAST_MATH = YES;
				ONLY_ACTIVE_ARCH = YES;
				SDKROOT = iphoneos;
				SWIFT_ACTIVE_COMPILATION_CONDITIONS = DEBUG;
				SWIFT_OPTIMIZATION_LEVEL = "-Onone";
			};
			name = Debug;
		};
		7CE6B8F42686676500D792E4 /* Release */ = {
			isa = XCBuildConfiguration;
			buildSettings = {
				ALWAYS_SEARCH_USER_PATHS = NO;
				CLANG_ANALYZER_NONNULL = YES;
				CLANG_ANALYZER_NUMBER_OBJECT_CONVERSION = YES_AGGRESSIVE;
				CLANG_CXX_LANGUAGE_STANDARD = "gnu++14";
				CLANG_CXX_LIBRARY = "libc++";
				CLANG_ENABLE_MODULES = YES;
				CLANG_ENABLE_OBJC_ARC = YES;
				CLANG_ENABLE_OBJC_WEAK = YES;
				CLANG_WARN_BLOCK_CAPTURE_AUTORELEASING = YES;
				CLANG_WARN_BOOL_CONVERSION = YES;
				CLANG_WARN_COMMA = YES;
				CLANG_WARN_CONSTANT_CONVERSION = YES;
				CLANG_WARN_DEPRECATED_OBJC_IMPLEMENTATIONS = YES;
				CLANG_WARN_DIRECT_OBJC_ISA_USAGE = YES_ERROR;
				CLANG_WARN_DOCUMENTATION_COMMENTS = YES;
				CLANG_WARN_EMPTY_BODY = YES;
				CLANG_WARN_ENUM_CONVERSION = YES;
				CLANG_WARN_INFINITE_RECURSION = YES;
				CLANG_WARN_INT_CONVERSION = YES;
				CLANG_WARN_NON_LITERAL_NULL_CONVERSION = YES;
				CLANG_WARN_OBJC_IMPLICIT_RETAIN_SELF = YES;
				CLANG_WARN_OBJC_LITERAL_CONVERSION = YES;
				CLANG_WARN_OBJC_ROOT_CLASS = YES_ERROR;
				CLANG_WARN_QUOTED_INCLUDE_IN_FRAMEWORK_HEADER = YES;
				CLANG_WARN_RANGE_LOOP_ANALYSIS = YES;
				CLANG_WARN_STRICT_PROTOTYPES = YES;
				CLANG_WARN_SUSPICIOUS_MOVE = YES;
				CLANG_WARN_UNGUARDED_AVAILABILITY = YES_AGGRESSIVE;
				CLANG_WARN_UNREACHABLE_CODE = YES;
				CLANG_WARN__DUPLICATE_METHOD_MATCH = YES;
				COPY_PHASE_STRIP = NO;
				DEBUG_INFORMATION_FORMAT = "dwarf-with-dsym";
				ENABLE_NS_ASSERTIONS = NO;
				ENABLE_STRICT_OBJC_MSGSEND = YES;
				GCC_C_LANGUAGE_STANDARD = gnu11;
				GCC_NO_COMMON_BLOCKS = YES;
				GCC_WARN_64_TO_32_BIT_CONVERSION = YES;
				GCC_WARN_ABOUT_RETURN_TYPE = YES_ERROR;
				GCC_WARN_UNDECLARED_SELECTOR = YES;
				GCC_WARN_UNINITIALIZED_AUTOS = YES_AGGRESSIVE;
				GCC_WARN_UNUSED_FUNCTION = YES;
				GCC_WARN_UNUSED_VARIABLE = YES;
				IPHONEOS_DEPLOYMENT_TARGET = 14.4;
				MTL_ENABLE_DEBUG_INFO = NO;
				MTL_FAST_MATH = YES;
				SDKROOT = iphoneos;
				SWIFT_COMPILATION_MODE = wholemodule;
				SWIFT_OPTIMIZATION_LEVEL = "-O";
				VALIDATE_PRODUCT = YES;
			};
			name = Release;
		};
		7CE6B8F62686676500D792E4 /* Debug */ = {
			isa = XCBuildConfiguration;
			buildSettings = {
				ASSETCATALOG_COMPILER_APPICON_NAME = AppIcon;
				ASSETCATALOG_COMPILER_GLOBAL_ACCENT_COLOR_NAME = AccentColor;
				CODE_SIGN_STYLE = Automatic;
				DEVELOPMENT_ASSET_PATHS = "\"ScopeMap/Preview Content\"";
				DEVELOPMENT_TEAM = 86T3GM4BW6;
				ENABLE_PREVIEWS = YES;
				INFOPLIST_FILE = ScopeMap/Info.plist;
				IPHONEOS_DEPLOYMENT_TARGET = 14.0;
				LD_RUNPATH_SEARCH_PATHS = (
					"$(inherited)",
					"@executable_path/Frameworks",
				);
				PRODUCT_BUNDLE_IDENTIFIER = com.gundarskokins.ScopeMap;
				PRODUCT_NAME = "$(TARGET_NAME)";
				SWIFT_VERSION = 5.0;
				TARGETED_DEVICE_FAMILY = "1,2";
			};
			name = Debug;
		};
		7CE6B8F72686676500D792E4 /* Release */ = {
			isa = XCBuildConfiguration;
			buildSettings = {
				ASSETCATALOG_COMPILER_APPICON_NAME = AppIcon;
				ASSETCATALOG_COMPILER_GLOBAL_ACCENT_COLOR_NAME = AccentColor;
				CODE_SIGN_STYLE = Automatic;
				DEVELOPMENT_ASSET_PATHS = "\"ScopeMap/Preview Content\"";
				DEVELOPMENT_TEAM = 86T3GM4BW6;
				ENABLE_PREVIEWS = YES;
				INFOPLIST_FILE = ScopeMap/Info.plist;
				IPHONEOS_DEPLOYMENT_TARGET = 14.0;
				LD_RUNPATH_SEARCH_PATHS = (
					"$(inherited)",
					"@executable_path/Frameworks",
				);
				PRODUCT_BUNDLE_IDENTIFIER = com.gundarskokins.ScopeMap;
				PRODUCT_NAME = "$(TARGET_NAME)";
				SWIFT_VERSION = 5.0;
				TARGETED_DEVICE_FAMILY = "1,2";
			};
			name = Release;
		};
		7CE6B8F92686676500D792E4 /* Debug */ = {
			isa = XCBuildConfiguration;
			buildSettings = {
				ALWAYS_EMBED_SWIFT_STANDARD_LIBRARIES = YES;
				BUNDLE_LOADER = "$(TEST_HOST)";
				CODE_SIGN_STYLE = Automatic;
				INFOPLIST_FILE = ScopeMapTests/Info.plist;
				IPHONEOS_DEPLOYMENT_TARGET = 14.0;
				LD_RUNPATH_SEARCH_PATHS = (
					"$(inherited)",
					"@executable_path/Frameworks",
					"@loader_path/Frameworks",
				);
				PRODUCT_BUNDLE_IDENTIFIER = com.gundarskokins.ScopeMapTests;
				PRODUCT_NAME = "$(TARGET_NAME)";
				SWIFT_VERSION = 5.0;
				TARGETED_DEVICE_FAMILY = "1,2";
				TEST_HOST = "$(BUILT_PRODUCTS_DIR)/ScopeMap.app/ScopeMap";
			};
			name = Debug;
		};
		7CE6B8FA2686676500D792E4 /* Release */ = {
			isa = XCBuildConfiguration;
			buildSettings = {
				ALWAYS_EMBED_SWIFT_STANDARD_LIBRARIES = YES;
				BUNDLE_LOADER = "$(TEST_HOST)";
				CODE_SIGN_STYLE = Automatic;
				INFOPLIST_FILE = ScopeMapTests/Info.plist;
				IPHONEOS_DEPLOYMENT_TARGET = 14.0;
				LD_RUNPATH_SEARCH_PATHS = (
					"$(inherited)",
					"@executable_path/Frameworks",
					"@loader_path/Frameworks",
				);
				PRODUCT_BUNDLE_IDENTIFIER = com.gundarskokins.ScopeMapTests;
				PRODUCT_NAME = "$(TARGET_NAME)";
				SWIFT_VERSION = 5.0;
				TARGETED_DEVICE_FAMILY = "1,2";
				TEST_HOST = "$(BUILT_PRODUCTS_DIR)/ScopeMap.app/ScopeMap";
			};
			name = Release;
		};
/* End XCBuildConfiguration section */

/* Begin XCConfigurationList section */
		7CE6B8CB2686676200D792E4 /* Build configuration list for PBXProject "ScopeMap" */ = {
			isa = XCConfigurationList;
			buildConfigurations = (
				7CE6B8F32686676500D792E4 /* Debug */,
				7CE6B8F42686676500D792E4 /* Release */,
			);
			defaultConfigurationIsVisible = 0;
			defaultConfigurationName = Release;
		};
		7CE6B8F52686676500D792E4 /* Build configuration list for PBXNativeTarget "ScopeMap" */ = {
			isa = XCConfigurationList;
			buildConfigurations = (
				7CE6B8F62686676500D792E4 /* Debug */,
				7CE6B8F72686676500D792E4 /* Release */,
			);
			defaultConfigurationIsVisible = 0;
			defaultConfigurationName = Release;
		};
		7CE6B8F82686676500D792E4 /* Build configuration list for PBXNativeTarget "ScopeMapTests" */ = {
			isa = XCConfigurationList;
			buildConfigurations = (
				7CE6B8F92686676500D792E4 /* Debug */,
				7CE6B8FA2686676500D792E4 /* Release */,
			);
			defaultConfigurationIsVisible = 0;
			defaultConfigurationName = Release;
		};
/* End XCConfigurationList section */
	};
	rootObject = 7CE6B8C82686676200D792E4 /* Project object */;
}
